{
  "name": "gulp-deploy",
  "version": "1.0.0",
  "dependencies": {
    "gulp": {
      "version": "3.9.1",
      "from": "gulp@3.9.1",
      "dependencies": {
        "archy": {
          "version": "1.0.0",
          "from": "archy@1.0.0"
        },
        "chalk": {
          "version": "1.1.3",
          "from": "chalk@>=1.0.0 <2.0.0",
          "dependencies": {
            "ansi-styles": {
              "version": "2.2.1",
              "from": "ansi-styles@2.2.1"
            },
            "escape-string-regexp": {
              "version": "1.0.5",
              "from": "escape-string-regexp@1.0.5"
            },
            "has-ansi": {
              "version": "2.0.0",
              "from": "has-ansi@2.0.0",
              "dependencies": {
                "ansi-regex": {
                  "version": "2.0.0",
                  "from": "ansi-regex@2.0.0"
                }
              }
            },
            "strip-ansi": {
              "version": "3.0.1",
              "from": "strip-ansi@3.0.1",
              "dependencies": {
                "ansi-regex": {
                  "version": "2.0.0",
                  "from": "ansi-regex@2.0.0"
                }
              }
            },
            "supports-color": {
              "version": "2.0.0",
              "from": "supports-color@2.0.0"
            }
          }
        },
        "deprecated": {
          "version": "0.0.1",
          "from": "deprecated@0.0.1"
        },
        "interpret": {
          "version": "1.0.1",
          "from": "interpret@1.0.1"
        },
        "liftoff": {
          "version": "2.2.1",
          "from": "liftoff@2.2.1",
          "dependencies": {
            "extend": {
              "version": "2.0.1",
              "from": "extend@2.0.1"
            },
            "findup-sync": {
              "version": "0.3.0",
              "from": "findup-sync@0.3.0",
              "dependencies": {
                "glob": {
                  "version": "5.0.15",
                  "from": "glob@5.0.15",
                  "dependencies": {
                    "inflight": {
                      "version": "1.0.5",
                      "from": "inflight@1.0.5",
                      "dependencies": {
                        "wrappy": {
                          "version": "1.0.2",
                          "from": "wrappy@1.0.2"
                        }
                      }
                    },
                    "inherits": {
                      "version": "2.0.1",
                      "from": "inherits@2.0.1"
                    },
                    "minimatch": {
                      "version": "3.0.0",
                      "from": "minimatch@3.0.0",
                      "dependencies": {
                        "brace-expansion": {
                          "version": "1.1.4",
                          "from": "brace-expansion@1.1.4",
                          "dependencies": {
                            "balanced-match": {
                              "version": "0.4.1",
                              "from": "balanced-match@0.4.1"
                            },
                            "concat-map": {
                              "version": "0.0.1",
                              "from": "concat-map@0.0.1"
                            }
                          }
                        }
                      }
                    },
                    "once": {
                      "version": "1.3.3",
                      "from": "once@1.3.3",
                      "dependencies": {
                        "wrappy": {
                          "version": "1.0.2",
                          "from": "wrappy@1.0.2"
                        }
                      }
                    },
                    "path-is-absolute": {
                      "version": "1.0.0",
                      "from": "path-is-absolute@1.0.0"
                    }
                  }
                }
              }
            },
            "flagged-respawn": {
              "version": "0.3.2",
              "from": "flagged-respawn@0.3.2"
            },
            "rechoir": {
              "version": "0.6.2",
              "from": "rechoir@0.6.2"
            },
            "resolve": {
              "version": "1.1.7",
              "from": "resolve@1.1.7"
            }
          }
        },
        "minimist": {
          "version": "1.2.0",
          "from": "minimist@>=1.1.0 <2.0.0"
        },
        "orchestrator": {
          "version": "0.3.7",
          "from": "orchestrator@0.3.7",
          "dependencies": {
            "end-of-stream": {
              "version": "0.1.5",
              "from": "end-of-stream@0.1.5",
              "dependencies": {
                "once": {
                  "version": "1.3.3",
                  "from": "once@1.3.3",
                  "dependencies": {
                    "wrappy": {
                      "version": "1.0.2",
                      "from": "wrappy@1.0.2"
                    }
                  }
                }
              }
            },
            "sequencify": {
              "version": "0.0.7",
              "from": "sequencify@0.0.7"
            },
            "stream-consume": {
              "version": "0.1.0",
              "from": "stream-consume@0.1.0"
            }
          }
        },
        "pretty-hrtime": {
          "version": "1.0.2",
          "from": "pretty-hrtime@1.0.2"
        },
        "semver": {
          "version": "4.3.6",
          "from": "semver@4.3.6"
        },
        "tildify": {
          "version": "1.2.0",
          "from": "tildify@1.2.0",
          "dependencies": {
            "os-homedir": {
              "version": "1.0.1",
              "from": "os-homedir@1.0.1"
            }
          }
        },
        "v8flags": {
          "version": "2.0.11",
          "from": "v8flags@2.0.11",
          "dependencies": {
            "user-home": {
              "version": "1.1.1",
              "from": "user-home@1.1.1"
            }
          }
        },
        "vinyl-fs": {
          "version": "0.3.14",
          "from": "vinyl-fs@0.3.14",
          "dependencies": {
            "defaults": {
              "version": "1.0.3",
              "from": "defaults@1.0.3",
              "dependencies": {
                "clone": {
                  "version": "1.0.2",
                  "from": "clone@1.0.2"
                }
              }
            },
            "glob-stream": {
              "version": "3.1.18",
              "from": "glob-stream@3.1.18",
              "dependencies": {
                "glob": {
                  "version": "4.5.3",
                  "from": "glob@4.5.3",
                  "dependencies": {
                    "inflight": {
                      "version": "1.0.5",
                      "from": "inflight@1.0.5",
                      "dependencies": {
                        "wrappy": {
                          "version": "1.0.2",
                          "from": "wrappy@1.0.2"
                        }
                      }
                    },
                    "inherits": {
                      "version": "2.0.1",
                      "from": "inherits@2.0.1"
                    },
                    "once": {
                      "version": "1.3.3",
                      "from": "once@1.3.3",
                      "dependencies": {
                        "wrappy": {
                          "version": "1.0.2",
                          "from": "wrappy@1.0.2"
                        }
                      }
                    }
                  }
                },
                "minimatch": {
                  "version": "2.0.10",
                  "from": "minimatch@2.0.10",
                  "dependencies": {
                    "brace-expansion": {
                      "version": "1.1.4",
                      "from": "brace-expansion@1.1.4",
                      "dependencies": {
                        "balanced-match": {
                          "version": "0.4.1",
                          "from": "balanced-match@0.4.1"
                        },
                        "concat-map": {
                          "version": "0.0.1",
                          "from": "concat-map@0.0.1"
                        }
                      }
                    }
                  }
                },
                "ordered-read-streams": {
                  "version": "0.1.0",
                  "from": "ordered-read-streams@0.1.0"
                },
                "glob2base": {
                  "version": "0.0.12",
                  "from": "glob2base@0.0.12",
                  "dependencies": {
                    "find-index": {
                      "version": "0.1.1",
                      "from": "find-index@0.1.1"
                    }
                  }
                },
                "unique-stream": {
                  "version": "1.0.0",
                  "from": "unique-stream@1.0.0"
                }
              }
            },
            "glob-watcher": {
              "version": "0.0.6",
              "from": "glob-watcher@0.0.6",
              "dependencies": {
                "gaze": {
                  "version": "0.5.2",
                  "from": "gaze@0.5.2",
                  "dependencies": {
                    "globule": {
                      "version": "0.1.0",
                      "from": "globule@0.1.0",
                      "dependencies": {
                        "lodash": {
                          "version": "1.0.2",
                          "from": "lodash@1.0.2"
                        },
                        "glob": {
                          "version": "3.1.21",
                          "from": "glob@3.1.21",
                          "dependencies": {
                            "graceful-fs": {
                              "version": "1.2.3",
                              "from": "graceful-fs@1.2.3"
                            },
                            "inherits": {
                              "version": "1.0.2",
                              "from": "inherits@1.0.2"
                            }
                          }
                        },
                        "minimatch": {
                          "version": "0.2.14",
                          "from": "minimatch@0.2.14",
                          "dependencies": {
                            "lru-cache": {
                              "version": "2.7.3",
                              "from": "lru-cache@2.7.3"
                            },
                            "sigmund": {
                              "version": "1.0.1",
                              "from": "sigmund@1.0.1"
                            }
                          }
                        }
                      }
                    }
                  }
                }
              }
            },
            "graceful-fs": {
              "version": "3.0.8",
              "from": "graceful-fs@3.0.8"
            },
            "mkdirp": {
              "version": "0.5.1",
              "from": "mkdirp@0.5.1",
              "dependencies": {
                "minimist": {
                  "version": "0.0.8",
                  "from": "minimist@0.0.8"
                }
              }
            },
            "strip-bom": {
              "version": "1.0.0",
              "from": "strip-bom@1.0.0",
              "dependencies": {
                "first-chunk-stream": {
                  "version": "1.0.0",
                  "from": "first-chunk-stream@1.0.0"
                },
                "is-utf8": {
                  "version": "0.2.1",
                  "from": "is-utf8@0.2.1"
                }
              }
            },
            "through2": {
              "version": "0.6.5",
              "from": "through2@0.6.5",
              "dependencies": {
                "readable-stream": {
                  "version": "1.0.34",
                  "from": "readable-stream@1.0.34",
                  "dependencies": {
                    "core-util-is": {
                      "version": "1.0.2",
                      "from": "core-util-is@1.0.2"
                    },
                    "isarray": {
                      "version": "0.0.1",
                      "from": "isarray@0.0.1"
                    },
                    "string_decoder": {
                      "version": "0.10.31",
                      "from": "string_decoder@0.10.31"
                    },
                    "inherits": {
                      "version": "2.0.1",
                      "from": "inherits@2.0.1"
                    }
                  }
                },
                "xtend": {
                  "version": "4.0.1",
                  "from": "xtend@4.0.1"
                }
              }
            },
            "vinyl": {
              "version": "0.4.6",
              "from": "vinyl@0.4.6",
              "dependencies": {
                "clone": {
                  "version": "0.2.0",
                  "from": "clone@0.2.0"
                },
                "clone-stats": {
                  "version": "0.0.1",
                  "from": "clone-stats@0.0.1"
                }
              }
            }
          }
        }
      }
    },
    "gulp-ssh": {
      "version": "0.5.6",
      "from": "gulp-ssh@0.5.6",
      "dependencies": {
        "through2": {
          "version": "2.0.1",
          "from": "through2@>=2.0.0 <3.0.0",
          "dependencies": {
            "readable-stream": {
              "version": "2.0.6",
              "from": "readable-stream@2.0.6",
              "dependencies": {
                "core-util-is": {
                  "version": "1.0.2",
                  "from": "core-util-is@1.0.2"
                },
                "inherits": {
                  "version": "2.0.1",
                  "from": "inherits@2.0.1"
                },
                "isarray": {
                  "version": "1.0.0",
                  "from": "isarray@1.0.0"
                },
                "process-nextick-args": {
                  "version": "1.0.7",
                  "from": "process-nextick-args@1.0.7"
                },
                "string_decoder": {
                  "version": "0.10.31",
                  "from": "string_decoder@0.10.31"
                },
                "util-deprecate": {
                  "version": "1.0.2",
                  "from": "util-deprecate@1.0.2"
                }
              }
            },
            "xtend": {
              "version": "4.0.1",
              "from": "xtend@4.0.1"
            }
          }
        },
        "ssh2": {
          "version": "0.5.0",
          "from": "ssh2@0.5.0",
          "dependencies": {
            "ssh2-streams": {
              "version": "0.1.4",
              "from": "ssh2-streams@0.1.4",
              "dependencies": {
                "streamsearch": {
                  "version": "0.1.2",
                  "from": "streamsearch@0.1.2"
                },
                "asn1": {
                  "version": "0.2.3",
                  "from": "asn1@0.2.3"
                },
                "semver": {
                  "version": "5.1.0",
                  "from": "semver@5.1.0"
                }
              }
            }
          }
        }
      }
    },
    "gulp-zip": {
      "version": "3.2.0",
      "from": "gulp-zip@3.2.0",
      "dependencies": {
        "chalk": {
          "version": "1.1.3",
          "from": "chalk@>=1.0.0 <2.0.0",
          "dependencies": {
            "ansi-styles": {
              "version": "2.2.1",
              "from": "ansi-styles@2.2.1"
            },
            "escape-string-regexp": {
              "version": "1.0.5",
              "from": "escape-string-regexp@1.0.5"
            },
            "has-ansi": {
              "version": "2.0.0",
              "from": "has-ansi@2.0.0",
              "dependencies": {
                "ansi-regex": {
                  "version": "2.0.0",
                  "from": "ansi-regex@2.0.0"
                }
              }
            },
            "strip-ansi": {
              "version": "3.0.1",
              "from": "strip-ansi@3.0.1",
              "dependencies": {
                "ansi-regex": {
                  "version": "2.0.0",
                  "from": "ansi-regex@2.0.0"
                }
              }
            },
            "supports-color": {
              "version": "2.0.0",
              "from": "supports-color@2.0.0"
            }
          }
        },
        "concat-stream": {
          "version": "1.5.1",
          "from": "concat-stream@1.5.1",
          "dependencies": {
            "inherits": {
              "version": "2.0.1",
              "from": "inherits@2.0.1"
            },
            "typedarray": {
              "version": "0.0.6",
              "from": "typedarray@0.0.6"
            },
            "readable-stream": {
              "version": "2.0.6",
              "from": "readable-stream@2.0.6",
              "dependencies": {
                "core-util-is": {
                  "version": "1.0.2",
                  "from": "core-util-is@1.0.2"
                },
                "isarray": {
                  "version": "1.0.0",
                  "from": "isarray@1.0.0"
                },
                "process-nextick-args": {
                  "version": "1.0.7",
                  "from": "process-nextick-args@1.0.7"
                },
                "string_decoder": {
                  "version": "0.10.31",
                  "from": "string_decoder@0.10.31"
                },
                "util-deprecate": {
                  "version": "1.0.2",
                  "from": "util-deprecate@1.0.2"
                }
              }
            }
          }
        },
        "through2": {
          "version": "2.0.1",
          "from": "through2@>=2.0.0 <3.0.0",
          "dependencies": {
            "readable-stream": {
              "version": "2.0.6",
              "from": "readable-stream@2.0.6",
              "dependencies": {
                "core-util-is": {
                  "version": "1.0.2",
                  "from": "core-util-is@1.0.2"
                },
                "inherits": {
                  "version": "2.0.1",
                  "from": "inherits@2.0.1"
                },
                "isarray": {
                  "version": "1.0.0",
                  "from": "isarray@1.0.0"
                },
                "process-nextick-args": {
                  "version": "1.0.7",
                  "from": "process-nextick-args@1.0.7"
                },
                "string_decoder": {
                  "version": "0.10.31",
                  "from": "string_decoder@0.10.31"
                },
                "util-deprecate": {
                  "version": "1.0.2",
                  "from": "util-deprecate@1.0.2"
                }
              }
            },
            "xtend": {
              "version": "4.0.1",
              "from": "xtend@4.0.1"
            }
          }
        },
        "yazl": {
          "version": "2.3.1",
          "from": "yazl@2.3.1",
          "dependencies": {
            "buffer-crc32": {
              "version": "0.2.5",
              "from": "buffer-crc32@0.2.5"
            }
          }
        }
      }
    },
    "merge": {
      "version": "1.2.0",
      "from": "merge@1.2.0"
    }
  }
}